// !$*UTF8*$!
{
	archiveVersion = 1;
	classes = {
	};
	objectVersion = 51;
	objects = {

/* Begin PBXBuildFile section */
		2C25C1FF79EBC0DEF04B606C /* Pods_ClimationUITests.framework in Frameworks */ = {isa = PBXBuildFile; fileRef = D8AA4343C003903C96C0B533 /* Pods_ClimationUITests.framework */; };
		58D41359A961DF591AD6EF49 /* Pods_Climation.framework in Frameworks */ = {isa = PBXBuildFile; fileRef = 0DB2BD3702331902FEFCCB40 /* Pods_Climation.framework */; };
		971C63D9791D18C4EAD28744 /* Pods_ClimationTests.framework in Frameworks */ = {isa = PBXBuildFile; fileRef = 191F5C28C7176EB247D0C739 /* Pods_ClimationTests.framework */; };
		AB0EA55A22EA73B90090BB7B /* Topic.swift in Sources */ = {isa = PBXBuildFile; fileRef = AB0EA55922EA73B90090BB7B /* Topic.swift */; };
		AB0EA55D22ECC5930090BB7B /* co2_annmean_gl.txt in Resources */ = {isa = PBXBuildFile; fileRef = AB0EA55C22ECC5930090BB7B /* co2_annmean_gl.txt */; };
		AB0EA55F22ECC67C0090BB7B /* co2Chart.swift in Sources */ = {isa = PBXBuildFile; fileRef = AB0EA55E22ECC67C0090BB7B /* co2Chart.swift */; };
		AB0EA56122EE0CCE0090BB7B /* co2_annmean_10year.txt in Resources */ = {isa = PBXBuildFile; fileRef = AB0EA56022EE0CCE0090BB7B /* co2_annmean_10year.txt */; };
		AB0EA56322F0E6B90090BB7B /* co2_annmean_gl5year.txt in Resources */ = {isa = PBXBuildFile; fileRef = AB0EA56222F0E6B90090BB7B /* co2_annmean_gl5year.txt */; };
		AB0EA5A822F9EECF0090BB7B /* NewsAPIFetcher.swift in Sources */ = {isa = PBXBuildFile; fileRef = AB0EA5A722F9EECF0090BB7B /* NewsAPIFetcher.swift */; };
		AB0EA5AA22F9F0080090BB7B /* NetworkModels.swift in Sources */ = {isa = PBXBuildFile; fileRef = AB0EA5A922F9F0080090BB7B /* NetworkModels.swift */; };
		AB0EA5AC22F9F1510090BB7B /* oldLearnVC.swift in Sources */ = {isa = PBXBuildFile; fileRef = AB0EA5AB22F9F1510090BB7B /* oldLearnVC.swift */; };
		AB0EA5AF22FA16AA0090BB7B /* ArticleWebView.swift in Sources */ = {isa = PBXBuildFile; fileRef = AB0EA5AE22FA16AA0090BB7B /* ArticleWebView.swift */; };
		AB21982B22E786A0004CBC80 /* OLDTABBAR.swift in Sources */ = {isa = PBXBuildFile; fileRef = AB21982A22E786A0004CBC80 /* OLDTABBAR.swift */; };
		AB7E2C7922DE33B400D749B0 /* AppDelegate.swift in Sources */ = {isa = PBXBuildFile; fileRef = AB7E2C7822DE33B400D749B0 /* AppDelegate.swift */; };
		AB7E2C7B22DE33B400D749B0 /* LearnVC.swift in Sources */ = {isa = PBXBuildFile; fileRef = AB7E2C7A22DE33B400D749B0 /* LearnVC.swift */; };
		AB7E2C7E22DE33B400D749B0 /* Main.storyboard in Resources */ = {isa = PBXBuildFile; fileRef = AB7E2C7C22DE33B400D749B0 /* Main.storyboard */; };
		AB7E2C8022DE33B600D749B0 /* Assets.xcassets in Resources */ = {isa = PBXBuildFile; fileRef = AB7E2C7F22DE33B600D749B0 /* Assets.xcassets */; };
		AB7E2C8322DE33B600D749B0 /* LaunchScreen.storyboard in Resources */ = {isa = PBXBuildFile; fileRef = AB7E2C8122DE33B600D749B0 /* LaunchScreen.storyboard */; };
		AB7E2C8E22DE33B600D749B0 /* ClimationTests.swift in Sources */ = {isa = PBXBuildFile; fileRef = AB7E2C8D22DE33B600D749B0 /* ClimationTests.swift */; };
		AB7E2C9922DE33B600D749B0 /* ClimationUITests.swift in Sources */ = {isa = PBXBuildFile; fileRef = AB7E2C9822DE33B600D749B0 /* ClimationUITests.swift */; };
		AB7E2CA722DE33EC00D749B0 /* TabBar.swift in Sources */ = {isa = PBXBuildFile; fileRef = AB7E2CA622DE33EC00D749B0 /* TabBar.swift */; };
		AB7E2CA922DE388400D749B0 /* extensions.swift in Sources */ = {isa = PBXBuildFile; fileRef = AB7E2CA822DE388400D749B0 /* extensions.swift */; };
		AB7E2CAC22DE59B700D749B0 /* LikesVC.swift in Sources */ = {isa = PBXBuildFile; fileRef = AB7E2CAB22DE59B700D749B0 /* LikesVC.swift */; };
		AB7E2CAE22DE59C300D749B0 /* ChartsVC.swift in Sources */ = {isa = PBXBuildFile; fileRef = AB7E2CAD22DE59C300D749B0 /* ChartsVC.swift */; };
		AB7E2CB022DE59CD00D749B0 /* SettingsVC.swift in Sources */ = {isa = PBXBuildFile; fileRef = AB7E2CAF22DE59CD00D749B0 /* SettingsVC.swift */; };
		AB7E2CB222DF905A00D749B0 /* HomeCell.swift in Sources */ = {isa = PBXBuildFile; fileRef = AB7E2CB122DF905A00D749B0 /* HomeCell.swift */; };
		AB7E2CB622DFAC4E00D749B0 /* HomeTopic.swift in Sources */ = {isa = PBXBuildFile; fileRef = AB7E2CB522DFAC4E00D749B0 /* HomeTopic.swift */; };
		AB7E2CB822E0D55E00D749B0 /* TopicVC.swift in Sources */ = {isa = PBXBuildFile; fileRef = AB7E2CB722E0D55E00D749B0 /* TopicVC.swift */; };
		AB7E2CBA22E0D5D900D749B0 /* TopicCell.swift in Sources */ = {isa = PBXBuildFile; fileRef = AB7E2CB922E0D5D900D749B0 /* TopicCell.swift */; };
		AB7E2CBC22E0F35500D749B0 /* CustomClasses.swift in Sources */ = {isa = PBXBuildFile; fileRef = AB7E2CBB22E0F35500D749B0 /* CustomClasses.swift */; };
/* End PBXBuildFile section */

/* Begin PBXContainerItemProxy section */
		AB7E2C8A22DE33B600D749B0 /* PBXContainerItemProxy */ = {
			isa = PBXContainerItemProxy;
			containerPortal = AB7E2C6D22DE33B400D749B0 /* Project object */;
			proxyType = 1;
			remoteGlobalIDString = AB7E2C7422DE33B400D749B0;
			remoteInfo = Climation;
		};
		AB7E2C9522DE33B600D749B0 /* PBXContainerItemProxy */ = {
			isa = PBXContainerItemProxy;
			containerPortal = AB7E2C6D22DE33B400D749B0 /* Project object */;
			proxyType = 1;
			remoteGlobalIDString = AB7E2C7422DE33B400D749B0;
			remoteInfo = Climation;
		};
/* End PBXContainerItemProxy section */

/* Begin PBXFileReference section */
		0C239CA1F3FDAFD01ED42F85 /* Pods-ClimationTests.debug.xcconfig */ = {isa = PBXFileReference; includeInIndex = 1; lastKnownFileType = text.xcconfig; name = "Pods-ClimationTests.debug.xcconfig"; path = "Target Support Files/Pods-ClimationTests/Pods-ClimationTests.debug.xcconfig"; sourceTree = "<group>"; };
		0DB2BD3702331902FEFCCB40 /* Pods_Climation.framework */ = {isa = PBXFileReference; explicitFileType = wrapper.framework; includeInIndex = 0; path = Pods_Climation.framework; sourceTree = BUILT_PRODUCTS_DIR; };
		191F5C28C7176EB247D0C739 /* Pods_ClimationTests.framework */ = {isa = PBXFileReference; explicitFileType = wrapper.framework; includeInIndex = 0; path = Pods_ClimationTests.framework; sourceTree = BUILT_PRODUCTS_DIR; };
		5FA76365314F4B3BEA97E4E5 /* Pods-ClimationUITests.debug.xcconfig */ = {isa = PBXFileReference; includeInIndex = 1; lastKnownFileType = text.xcconfig; name = "Pods-ClimationUITests.debug.xcconfig"; path = "Target Support Files/Pods-ClimationUITests/Pods-ClimationUITests.debug.xcconfig"; sourceTree = "<group>"; };
		962EFE663D817D942242960C /* Pods-ClimationTests.release.xcconfig */ = {isa = PBXFileReference; includeInIndex = 1; lastKnownFileType = text.xcconfig; name = "Pods-ClimationTests.release.xcconfig"; path = "Target Support Files/Pods-ClimationTests/Pods-ClimationTests.release.xcconfig"; sourceTree = "<group>"; };
		98B3E2B90456ABC37C977CE4 /* Pods-Climation.release.xcconfig */ = {isa = PBXFileReference; includeInIndex = 1; lastKnownFileType = text.xcconfig; name = "Pods-Climation.release.xcconfig"; path = "Target Support Files/Pods-Climation/Pods-Climation.release.xcconfig"; sourceTree = "<group>"; };
		AA2E7078525C1943B9F1C554 /* Pods-ClimationUITests.release.xcconfig */ = {isa = PBXFileReference; includeInIndex = 1; lastKnownFileType = text.xcconfig; name = "Pods-ClimationUITests.release.xcconfig"; path = "Target Support Files/Pods-ClimationUITests/Pods-ClimationUITests.release.xcconfig"; sourceTree = "<group>"; };
		AB0EA55922EA73B90090BB7B /* Topic.swift */ = {isa = PBXFileReference; lastKnownFileType = sourcecode.swift; path = Topic.swift; sourceTree = "<group>"; };
		AB0EA55C22ECC5930090BB7B /* co2_annmean_gl.txt */ = {isa = PBXFileReference; fileEncoding = 4; lastKnownFileType = text; path = co2_annmean_gl.txt; sourceTree = "<group>"; };
		AB0EA55E22ECC67C0090BB7B /* co2Chart.swift */ = {isa = PBXFileReference; lastKnownFileType = sourcecode.swift; path = co2Chart.swift; sourceTree = "<group>"; };
		AB0EA56022EE0CCE0090BB7B /* co2_annmean_10year.txt */ = {isa = PBXFileReference; lastKnownFileType = text; path = co2_annmean_10year.txt; sourceTree = "<group>"; };
		AB0EA56222F0E6B90090BB7B /* co2_annmean_gl5year.txt */ = {isa = PBXFileReference; lastKnownFileType = text; path = co2_annmean_gl5year.txt; sourceTree = "<group>"; };
		AB0EA5A722F9EECF0090BB7B /* NewsAPIFetcher.swift */ = {isa = PBXFileReference; lastKnownFileType = sourcecode.swift; path = NewsAPIFetcher.swift; sourceTree = "<group>"; };
		AB0EA5A922F9F0080090BB7B /* NetworkModels.swift */ = {isa = PBXFileReference; lastKnownFileType = sourcecode.swift; path = NetworkModels.swift; sourceTree = "<group>"; };
		AB0EA5AB22F9F1510090BB7B /* oldLearnVC.swift */ = {isa = PBXFileReference; lastKnownFileType = sourcecode.swift; path = oldLearnVC.swift; sourceTree = "<group>"; };
		AB0EA5AE22FA16AA0090BB7B /* ArticleWebView.swift */ = {isa = PBXFileReference; lastKnownFileType = sourcecode.swift; path = ArticleWebView.swift; sourceTree = "<group>"; };
		AB21982A22E786A0004CBC80 /* OLDTABBAR.swift */ = {isa = PBXFileReference; lastKnownFileType = sourcecode.swift; path = OLDTABBAR.swift; sourceTree = "<group>"; };
		AB7E2C7522DE33B400D749B0 /* Climation.app */ = {isa = PBXFileReference; explicitFileType = wrapper.application; includeInIndex = 0; path = Climation.app; sourceTree = BUILT_PRODUCTS_DIR; };
		AB7E2C7822DE33B400D749B0 /* AppDelegate.swift */ = {isa = PBXFileReference; lastKnownFileType = sourcecode.swift; path = AppDelegate.swift; sourceTree = "<group>"; };
		AB7E2C7A22DE33B400D749B0 /* LearnVC.swift */ = {isa = PBXFileReference; lastKnownFileType = sourcecode.swift; path = LearnVC.swift; sourceTree = "<group>"; };
		AB7E2C7D22DE33B400D749B0 /* Base */ = {isa = PBXFileReference; lastKnownFileType = file.storyboard; name = Base; path = Base.lproj/Main.storyboard; sourceTree = "<group>"; };
		AB7E2C7F22DE33B600D749B0 /* Assets.xcassets */ = {isa = PBXFileReference; lastKnownFileType = folder.assetcatalog; path = Assets.xcassets; sourceTree = "<group>"; };
		AB7E2C8222DE33B600D749B0 /* Base */ = {isa = PBXFileReference; lastKnownFileType = file.storyboard; name = Base; path = Base.lproj/LaunchScreen.storyboard; sourceTree = "<group>"; };
		AB7E2C8422DE33B600D749B0 /* Info.plist */ = {isa = PBXFileReference; lastKnownFileType = text.plist.xml; path = Info.plist; sourceTree = "<group>"; };
		AB7E2C8922DE33B600D749B0 /* ClimationTests.xctest */ = {isa = PBXFileReference; explicitFileType = wrapper.cfbundle; includeInIndex = 0; path = ClimationTests.xctest; sourceTree = BUILT_PRODUCTS_DIR; };
		AB7E2C8D22DE33B600D749B0 /* ClimationTests.swift */ = {isa = PBXFileReference; lastKnownFileType = sourcecode.swift; path = ClimationTests.swift; sourceTree = "<group>"; };
		AB7E2C8F22DE33B600D749B0 /* Info.plist */ = {isa = PBXFileReference; lastKnownFileType = text.plist.xml; path = Info.plist; sourceTree = "<group>"; };
		AB7E2C9422DE33B600D749B0 /* ClimationUITests.xctest */ = {isa = PBXFileReference; explicitFileType = wrapper.cfbundle; includeInIndex = 0; path = ClimationUITests.xctest; sourceTree = BUILT_PRODUCTS_DIR; };
		AB7E2C9822DE33B600D749B0 /* ClimationUITests.swift */ = {isa = PBXFileReference; lastKnownFileType = sourcecode.swift; path = ClimationUITests.swift; sourceTree = "<group>"; };
		AB7E2C9A22DE33B600D749B0 /* Info.plist */ = {isa = PBXFileReference; lastKnownFileType = text.plist.xml; path = Info.plist; sourceTree = "<group>"; };
		AB7E2CA622DE33EC00D749B0 /* TabBar.swift */ = {isa = PBXFileReference; lastKnownFileType = sourcecode.swift; path = TabBar.swift; sourceTree = "<group>"; };
		AB7E2CA822DE388400D749B0 /* extensions.swift */ = {isa = PBXFileReference; lastKnownFileType = sourcecode.swift; path = extensions.swift; sourceTree = "<group>"; };
		AB7E2CAB22DE59B700D749B0 /* LikesVC.swift */ = {isa = PBXFileReference; lastKnownFileType = sourcecode.swift; path = LikesVC.swift; sourceTree = "<group>"; };
		AB7E2CAD22DE59C300D749B0 /* ChartsVC.swift */ = {isa = PBXFileReference; lastKnownFileType = sourcecode.swift; path = ChartsVC.swift; sourceTree = "<group>"; };
		AB7E2CAF22DE59CD00D749B0 /* SettingsVC.swift */ = {isa = PBXFileReference; lastKnownFileType = sourcecode.swift; path = SettingsVC.swift; sourceTree = "<group>"; };
		AB7E2CB122DF905A00D749B0 /* HomeCell.swift */ = {isa = PBXFileReference; lastKnownFileType = sourcecode.swift; path = HomeCell.swift; sourceTree = "<group>"; };
		AB7E2CB522DFAC4E00D749B0 /* HomeTopic.swift */ = {isa = PBXFileReference; lastKnownFileType = sourcecode.swift; path = HomeTopic.swift; sourceTree = "<group>"; };
		AB7E2CB722E0D55E00D749B0 /* TopicVC.swift */ = {isa = PBXFileReference; lastKnownFileType = sourcecode.swift; path = TopicVC.swift; sourceTree = "<group>"; };
		AB7E2CB922E0D5D900D749B0 /* TopicCell.swift */ = {isa = PBXFileReference; lastKnownFileType = sourcecode.swift; path = TopicCell.swift; sourceTree = "<group>"; };
		AB7E2CBB22E0F35500D749B0 /* CustomClasses.swift */ = {isa = PBXFileReference; lastKnownFileType = sourcecode.swift; path = CustomClasses.swift; sourceTree = "<group>"; };
		D8AA4343C003903C96C0B533 /* Pods_ClimationUITests.framework */ = {isa = PBXFileReference; explicitFileType = wrapper.framework; includeInIndex = 0; path = Pods_ClimationUITests.framework; sourceTree = BUILT_PRODUCTS_DIR; };
		D976F65413AC9869B0A63414 /* Pods-Climation.debug.xcconfig */ = {isa = PBXFileReference; includeInIndex = 1; lastKnownFileType = text.xcconfig; name = "Pods-Climation.debug.xcconfig"; path = "Target Support Files/Pods-Climation/Pods-Climation.debug.xcconfig"; sourceTree = "<group>"; };
/* End PBXFileReference section */

/* Begin PBXFrameworksBuildPhase section */
		AB7E2C7222DE33B400D749B0 /* Frameworks */ = {
			isa = PBXFrameworksBuildPhase;
			buildActionMask = 2147483647;
			files = (
				58D41359A961DF591AD6EF49 /* Pods_Climation.framework in Frameworks */,
			);
			runOnlyForDeploymentPostprocessing = 0;
		};
		AB7E2C8622DE33B600D749B0 /* Frameworks */ = {
			isa = PBXFrameworksBuildPhase;
			buildActionMask = 2147483647;
			files = (
				971C63D9791D18C4EAD28744 /* Pods_ClimationTests.framework in Frameworks */,
			);
			runOnlyForDeploymentPostprocessing = 0;
		};
		AB7E2C9122DE33B600D749B0 /* Frameworks */ = {
			isa = PBXFrameworksBuildPhase;
			buildActionMask = 2147483647;
			files = (
				2C25C1FF79EBC0DEF04B606C /* Pods_ClimationUITests.framework in Frameworks */,
			);
			runOnlyForDeploymentPostprocessing = 0;
		};
/* End PBXFrameworksBuildPhase section */

/* Begin PBXGroup section */
		A0E52B160303E4D5E4D08B5C /* Frameworks */ = {
			isa = PBXGroup;
			children = (
				0DB2BD3702331902FEFCCB40 /* Pods_Climation.framework */,
				191F5C28C7176EB247D0C739 /* Pods_ClimationTests.framework */,
				D8AA4343C003903C96C0B533 /* Pods_ClimationUITests.framework */,
			);
			name = Frameworks;
			sourceTree = "<group>";
		};
		AB0EA55B22ECC4FE0090BB7B /* Datasets */ = {
			isa = PBXGroup;
			children = (
				AB0EA55C22ECC5930090BB7B /* co2_annmean_gl.txt */,
				AB0EA55E22ECC67C0090BB7B /* co2Chart.swift */,
				AB0EA56022EE0CCE0090BB7B /* co2_annmean_10year.txt */,
				AB0EA56222F0E6B90090BB7B /* co2_annmean_gl5year.txt */,
			);
			path = Datasets;
			sourceTree = "<group>";
		};
		AB0EA5A622F9EEBC0090BB7B /* Network */ = {
			isa = PBXGroup;
			children = (
				AB0EA5A722F9EECF0090BB7B /* NewsAPIFetcher.swift */,
				AB0EA5A922F9F0080090BB7B /* NetworkModels.swift */,
			);
			path = Network;
			sourceTree = "<group>";
		};
		AB0EA5AD22FA168E0090BB7B /* Views */ = {
			isa = PBXGroup;
			children = (
				AB0EA5AE22FA16AA0090BB7B /* ArticleWebView.swift */,
			);
			path = Views;
			sourceTree = "<group>";
		};
		AB7E2C6C22DE33B400D749B0 = {
			isa = PBXGroup;
			children = (
				AB7E2C7722DE33B400D749B0 /* Climation */,
				AB7E2C8C22DE33B600D749B0 /* ClimationTests */,
				AB7E2C9722DE33B600D749B0 /* ClimationUITests */,
				AB7E2C7622DE33B400D749B0 /* Products */,
				AFC3AF603D3373D4EBCA6C48 /* Pods */,
				A0E52B160303E4D5E4D08B5C /* Frameworks */,
			);
			sourceTree = "<group>";
		};
		AB7E2C7622DE33B400D749B0 /* Products */ = {
			isa = PBXGroup;
			children = (
				AB7E2C7522DE33B400D749B0 /* Climation.app */,
				AB7E2C8922DE33B600D749B0 /* ClimationTests.xctest */,
				AB7E2C9422DE33B600D749B0 /* ClimationUITests.xctest */,
			);
			name = Products;
			sourceTree = "<group>";
		};
		AB7E2C7722DE33B400D749B0 /* Climation */ = {
			isa = PBXGroup;
			children = (
				AB0EA5AD22FA168E0090BB7B /* Views */,
				AB0EA5A622F9EEBC0090BB7B /* Network */,
				AB0EA55B22ECC4FE0090BB7B /* Datasets */,
				AB7E2CB422DFAC3600D749B0 /* Objects */,
				AB7E2CB322DF906000D749B0 /* Cells */,
				AB7E2CAA22DE581F00D749B0 /* ViewControllers */,
				AB7E2C7822DE33B400D749B0 /* AppDelegate.swift */,
				AB7E2C7C22DE33B400D749B0 /* Main.storyboard */,
				AB7E2C7F22DE33B600D749B0 /* Assets.xcassets */,
				AB7E2C8122DE33B600D749B0 /* LaunchScreen.storyboard */,
				AB7E2C8422DE33B600D749B0 /* Info.plist */,
				AB7E2CA822DE388400D749B0 /* extensions.swift */,
				AB7E2CBB22E0F35500D749B0 /* CustomClasses.swift */,
				AB21982A22E786A0004CBC80 /* OLDTABBAR.swift */,
			);
			path = Climation;
			sourceTree = "<group>";
		};
		AB7E2C8C22DE33B600D749B0 /* ClimationTests */ = {
			isa = PBXGroup;
			children = (
				AB7E2C8D22DE33B600D749B0 /* ClimationTests.swift */,
				AB7E2C8F22DE33B600D749B0 /* Info.plist */,
			);
			path = ClimationTests;
			sourceTree = "<group>";
		};
		AB7E2C9722DE33B600D749B0 /* ClimationUITests */ = {
			isa = PBXGroup;
			children = (
				AB7E2C9822DE33B600D749B0 /* ClimationUITests.swift */,
				AB7E2C9A22DE33B600D749B0 /* Info.plist */,
			);
			path = ClimationUITests;
			sourceTree = "<group>";
		};
		AB7E2CAA22DE581F00D749B0 /* ViewControllers */ = {
			isa = PBXGroup;
			children = (
				AB7E2CA622DE33EC00D749B0 /* TabBar.swift */,
				AB7E2C7A22DE33B400D749B0 /* LearnVC.swift */,
				AB7E2CB722E0D55E00D749B0 /* TopicVC.swift */,
				AB7E2CAB22DE59B700D749B0 /* LikesVC.swift */,
				AB7E2CAD22DE59C300D749B0 /* ChartsVC.swift */,
				AB7E2CAF22DE59CD00D749B0 /* SettingsVC.swift */,
				AB0EA5AB22F9F1510090BB7B /* oldLearnVC.swift */,
			);
			path = ViewControllers;
			sourceTree = "<group>";
		};
		AB7E2CB322DF906000D749B0 /* Cells */ = {
			isa = PBXGroup;
			children = (
				AB7E2CB122DF905A00D749B0 /* HomeCell.swift */,
				AB7E2CB922E0D5D900D749B0 /* TopicCell.swift */,
			);
			path = Cells;
			sourceTree = "<group>";
		};
		AB7E2CB422DFAC3600D749B0 /* Objects */ = {
			isa = PBXGroup;
			children = (
				AB7E2CB522DFAC4E00D749B0 /* HomeTopic.swift */,
				AB0EA55922EA73B90090BB7B /* Topic.swift */,
			);
			path = Objects;
			sourceTree = "<group>";
		};
		AFC3AF603D3373D4EBCA6C48 /* Pods */ = {
			isa = PBXGroup;
			children = (
				D976F65413AC9869B0A63414 /* Pods-Climation.debug.xcconfig */,
				98B3E2B90456ABC37C977CE4 /* Pods-Climation.release.xcconfig */,
				0C239CA1F3FDAFD01ED42F85 /* Pods-ClimationTests.debug.xcconfig */,
				962EFE663D817D942242960C /* Pods-ClimationTests.release.xcconfig */,
				5FA76365314F4B3BEA97E4E5 /* Pods-ClimationUITests.debug.xcconfig */,
				AA2E7078525C1943B9F1C554 /* Pods-ClimationUITests.release.xcconfig */,
			);
			path = Pods;
			sourceTree = "<group>";
		};
/* End PBXGroup section */

/* Begin PBXNativeTarget section */
		AB7E2C7422DE33B400D749B0 /* Climation */ = {
			isa = PBXNativeTarget;
			buildConfigurationList = AB7E2C9D22DE33B600D749B0 /* Build configuration list for PBXNativeTarget "Climation" */;
			buildPhases = (
				4C6F7969471DD7A1F2525AE7 /* [CP] Check Pods Manifest.lock */,
				AB7E2C7122DE33B400D749B0 /* Sources */,
				AB7E2C7222DE33B400D749B0 /* Frameworks */,
				AB7E2C7322DE33B400D749B0 /* Resources */,
				4481F499D236DDADBF42B7F0 /* [CP] Embed Pods Frameworks */,
			);
			buildRules = (
			);
			dependencies = (
			);
			name = Climation;
			productName = Climation;
			productReference = AB7E2C7522DE33B400D749B0 /* Climation.app */;
			productType = "com.apple.product-type.application";
		};
		AB7E2C8822DE33B600D749B0 /* ClimationTests */ = {
			isa = PBXNativeTarget;
			buildConfigurationList = AB7E2CA022DE33B600D749B0 /* Build configuration list for PBXNativeTarget "ClimationTests" */;
			buildPhases = (
				E2196F02B94C21B3A85819DD /* [CP] Check Pods Manifest.lock */,
				AB7E2C8522DE33B600D749B0 /* Sources */,
				AB7E2C8622DE33B600D749B0 /* Frameworks */,
				AB7E2C8722DE33B600D749B0 /* Resources */,
			);
			buildRules = (
			);
			dependencies = (
				AB7E2C8B22DE33B600D749B0 /* PBXTargetDependency */,
			);
			name = ClimationTests;
			productName = ClimationTests;
			productReference = AB7E2C8922DE33B600D749B0 /* ClimationTests.xctest */;
			productType = "com.apple.product-type.bundle.unit-test";
		};
		AB7E2C9322DE33B600D749B0 /* ClimationUITests */ = {
			isa = PBXNativeTarget;
			buildConfigurationList = AB7E2CA322DE33B600D749B0 /* Build configuration list for PBXNativeTarget "ClimationUITests" */;
			buildPhases = (
				9525EBDD0E7BD424D92B836B /* [CP] Check Pods Manifest.lock */,
				AB7E2C9022DE33B600D749B0 /* Sources */,
				AB7E2C9122DE33B600D749B0 /* Frameworks */,
				AB7E2C9222DE33B600D749B0 /* Resources */,
			);
			buildRules = (
			);
			dependencies = (
				AB7E2C9622DE33B600D749B0 /* PBXTargetDependency */,
			);
			name = ClimationUITests;
			productName = ClimationUITests;
			productReference = AB7E2C9422DE33B600D749B0 /* ClimationUITests.xctest */;
			productType = "com.apple.product-type.bundle.ui-testing";
		};
/* End PBXNativeTarget section */

/* Begin PBXProject section */
		AB7E2C6D22DE33B400D749B0 /* Project object */ = {
			isa = PBXProject;
			attributes = {
				LastSwiftUpdateCheck = 1020;
				LastUpgradeCheck = 1020;
				ORGANIZATIONNAME = "Jonathan Kopp";
				TargetAttributes = {
					AB7E2C7422DE33B400D749B0 = {
						CreatedOnToolsVersion = 10.2.1;
					};
					AB7E2C8822DE33B600D749B0 = {
						CreatedOnToolsVersion = 10.2.1;
						TestTargetID = AB7E2C7422DE33B400D749B0;
					};
					AB7E2C9322DE33B600D749B0 = {
						CreatedOnToolsVersion = 10.2.1;
						TestTargetID = AB7E2C7422DE33B400D749B0;
					};
				};
			};
			buildConfigurationList = AB7E2C7022DE33B400D749B0 /* Build configuration list for PBXProject "Climation" */;
			compatibilityVersion = "Xcode 9.3";
			developmentRegion = en;
			hasScannedForEncodings = 0;
			knownRegions = (
				en,
				Base,
			);
			mainGroup = AB7E2C6C22DE33B400D749B0;
			productRefGroup = AB7E2C7622DE33B400D749B0 /* Products */;
			projectDirPath = "";
			projectRoot = "";
			targets = (
				AB7E2C7422DE33B400D749B0 /* Climation */,
				AB7E2C8822DE33B600D749B0 /* ClimationTests */,
				AB7E2C9322DE33B600D749B0 /* ClimationUITests */,
			);
		};
/* End PBXProject section */

/* Begin PBXResourcesBuildPhase section */
		AB7E2C7322DE33B400D749B0 /* Resources */ = {
			isa = PBXResourcesBuildPhase;
			buildActionMask = 2147483647;
			files = (
				AB7E2C8322DE33B600D749B0 /* LaunchScreen.storyboard in Resources */,
				AB7E2C8022DE33B600D749B0 /* Assets.xcassets in Resources */,
				AB0EA56122EE0CCE0090BB7B /* co2_annmean_10year.txt in Resources */,
				AB7E2C7E22DE33B400D749B0 /* Main.storyboard in Resources */,
				AB0EA56322F0E6B90090BB7B /* co2_annmean_gl5year.txt in Resources */,
				AB0EA55D22ECC5930090BB7B /* co2_annmean_gl.txt in Resources */,
			);
			runOnlyForDeploymentPostprocessing = 0;
		};
		AB7E2C8722DE33B600D749B0 /* Resources */ = {
			isa = PBXResourcesBuildPhase;
			buildActionMask = 2147483647;
			files = (
			);
			runOnlyForDeploymentPostprocessing = 0;
		};
		AB7E2C9222DE33B600D749B0 /* Resources */ = {
			isa = PBXResourcesBuildPhase;
			buildActionMask = 2147483647;
			files = (
			);
			runOnlyForDeploymentPostprocessing = 0;
		};
/* End PBXResourcesBuildPhase section */

/* Begin PBXShellScriptBuildPhase section */
		4481F499D236DDADBF42B7F0 /* [CP] Embed Pods Frameworks */ = {
			isa = PBXShellScriptBuildPhase;
			buildActionMask = 2147483647;
			files = (
			);
			inputFileListPaths = (
				"${PODS_ROOT}/Target Support Files/Pods-Climation/Pods-Climation-frameworks-${CONFIGURATION}-input-files.xcfilelist",
			);
			name = "[CP] Embed Pods Frameworks";
			outputFileListPaths = (
				"${PODS_ROOT}/Target Support Files/Pods-Climation/Pods-Climation-frameworks-${CONFIGURATION}-output-files.xcfilelist",
			);
			runOnlyForDeploymentPostprocessing = 0;
			shellPath = /bin/sh;
			shellScript = "\"${PODS_ROOT}/Target Support Files/Pods-Climation/Pods-Climation-frameworks.sh\"\n";
			showEnvVarsInLog = 0;
		};
		4C6F7969471DD7A1F2525AE7 /* [CP] Check Pods Manifest.lock */ = {
			isa = PBXShellScriptBuildPhase;
			buildActionMask = 2147483647;
			files = (
			);
			inputFileListPaths = (
			);
			inputPaths = (
				"${PODS_PODFILE_DIR_PATH}/Podfile.lock",
				"${PODS_ROOT}/Manifest.lock",
			);
			name = "[CP] Check Pods Manifest.lock";
			outputFileListPaths = (
			);
			outputPaths = (
				"$(DERIVED_FILE_DIR)/Pods-Climation-checkManifestLockResult.txt",
			);
			runOnlyForDeploymentPostprocessing = 0;
			shellPath = /bin/sh;
			shellScript = "diff \"${PODS_PODFILE_DIR_PATH}/Podfile.lock\" \"${PODS_ROOT}/Manifest.lock\" > /dev/null\nif [ $? != 0 ] ; then\n    # print error to STDERR\n    echo \"error: The sandbox is not in sync with the Podfile.lock. Run 'pod install' or update your CocoaPods installation.\" >&2\n    exit 1\nfi\n# This output is used by Xcode 'outputs' to avoid re-running this script phase.\necho \"SUCCESS\" > \"${SCRIPT_OUTPUT_FILE_0}\"\n";
			showEnvVarsInLog = 0;
		};
		9525EBDD0E7BD424D92B836B /* [CP] Check Pods Manifest.lock */ = {
			isa = PBXShellScriptBuildPhase;
			buildActionMask = 2147483647;
			files = (
			);
			inputFileListPaths = (
			);
			inputPaths = (
				"${PODS_PODFILE_DIR_PATH}/Podfile.lock",
				"${PODS_ROOT}/Manifest.lock",
			);
			name = "[CP] Check Pods Manifest.lock";
			outputFileListPaths = (
			);
			outputPaths = (
				"$(DERIVED_FILE_DIR)/Pods-ClimationUITests-checkManifestLockResult.txt",
			);
			runOnlyForDeploymentPostprocessing = 0;
			shellPath = /bin/sh;
			shellScript = "diff \"${PODS_PODFILE_DIR_PATH}/Podfile.lock\" \"${PODS_ROOT}/Manifest.lock\" > /dev/null\nif [ $? != 0 ] ; then\n    # print error to STDERR\n    echo \"error: The sandbox is not in sync with the Podfile.lock. Run 'pod install' or update your CocoaPods installation.\" >&2\n    exit 1\nfi\n# This output is used by Xcode 'outputs' to avoid re-running this script phase.\necho \"SUCCESS\" > \"${SCRIPT_OUTPUT_FILE_0}\"\n";
			showEnvVarsInLog = 0;
		};
		E2196F02B94C21B3A85819DD /* [CP] Check Pods Manifest.lock */ = {
			isa = PBXShellScriptBuildPhase;
			buildActionMask = 2147483647;
			files = (
			);
			inputFileListPaths = (
			);
			inputPaths = (
				"${PODS_PODFILE_DIR_PATH}/Podfile.lock",
				"${PODS_ROOT}/Manifest.lock",
			);
			name = "[CP] Check Pods Manifest.lock";
			outputFileListPaths = (
			);
			outputPaths = (
				"$(DERIVED_FILE_DIR)/Pods-ClimationTests-checkManifestLockResult.txt",
			);
			runOnlyForDeploymentPostprocessing = 0;
			shellPath = /bin/sh;
			shellScript = "diff \"${PODS_PODFILE_DIR_PATH}/Podfile.lock\" \"${PODS_ROOT}/Manifest.lock\" > /dev/null\nif [ $? != 0 ] ; then\n    # print error to STDERR\n    echo \"error: The sandbox is not in sync with the Podfile.lock. Run 'pod install' or update your CocoaPods installation.\" >&2\n    exit 1\nfi\n# This output is used by Xcode 'outputs' to avoid re-running this script phase.\necho \"SUCCESS\" > \"${SCRIPT_OUTPUT_FILE_0}\"\n";
			showEnvVarsInLog = 0;
		};
/* End PBXShellScriptBuildPhase section */

/* Begin PBXSourcesBuildPhase section */
		AB7E2C7122DE33B400D749B0 /* Sources */ = {
			isa = PBXSourcesBuildPhase;
			buildActionMask = 2147483647;
			files = (
				AB0EA55F22ECC67C0090BB7B /* co2Chart.swift in Sources */,
				AB7E2CB622DFAC4E00D749B0 /* HomeTopic.swift in Sources */,
				AB7E2CBA22E0D5D900D749B0 /* TopicCell.swift in Sources */,
				AB7E2CAC22DE59B700D749B0 /* LikesVC.swift in Sources */,
				AB7E2CAE22DE59C300D749B0 /* ChartsVC.swift in Sources */,
				AB7E2CB222DF905A00D749B0 /* HomeCell.swift in Sources */,
				AB7E2CA722DE33EC00D749B0 /* TabBar.swift in Sources */,
				AB0EA5A822F9EECF0090BB7B /* NewsAPIFetcher.swift in Sources */,
				AB7E2C7B22DE33B400D749B0 /* LearnVC.swift in Sources */,
				AB7E2CB822E0D55E00D749B0 /* TopicVC.swift in Sources */,
				AB7E2C7922DE33B400D749B0 /* AppDelegate.swift in Sources */,
				AB0EA5AC22F9F1510090BB7B /* oldLearnVC.swift in Sources */,
				AB7E2CA922DE388400D749B0 /* extensions.swift in Sources */,
				AB0EA5AA22F9F0080090BB7B /* NetworkModels.swift in Sources */,
				AB0EA5AF22FA16AA0090BB7B /* ArticleWebView.swift in Sources */,
				AB7E2CB022DE59CD00D749B0 /* SettingsVC.swift in Sources */,
				AB21982B22E786A0004CBC80 /* OLDTABBAR.swift in Sources */,
				AB7E2CBC22E0F35500D749B0 /* CustomClasses.swift in Sources */,
				AB0EA55A22EA73B90090BB7B /* Topic.swift in Sources */,
			);
			runOnlyForDeploymentPostprocessing = 0;
		};
		AB7E2C8522DE33B600D749B0 /* Sources */ = {
			isa = PBXSourcesBuildPhase;
			buildActionMask = 2147483647;
			files = (
				AB7E2C8E22DE33B600D749B0 /* ClimationTests.swift in Sources */,
			);
			runOnlyForDeploymentPostprocessing = 0;
		};
		AB7E2C9022DE33B600D749B0 /* Sources */ = {
			isa = PBXSourcesBuildPhase;
			buildActionMask = 2147483647;
			files = (
				AB7E2C9922DE33B600D749B0 /* ClimationUITests.swift in Sources */,
			);
			runOnlyForDeploymentPostprocessing = 0;
		};
/* End PBXSourcesBuildPhase section */

/* Begin PBXTargetDependency section */
		AB7E2C8B22DE33B600D749B0 /* PBXTargetDependency */ = {
			isa = PBXTargetDependency;
			target = AB7E2C7422DE33B400D749B0 /* Climation */;
			targetProxy = AB7E2C8A22DE33B600D749B0 /* PBXContainerItemProxy */;
		};
		AB7E2C9622DE33B600D749B0 /* PBXTargetDependency */ = {
			isa = PBXTargetDependency;
			target = AB7E2C7422DE33B400D749B0 /* Climation */;
			targetProxy = AB7E2C9522DE33B600D749B0 /* PBXContainerItemProxy */;
		};
/* End PBXTargetDependency section */

/* Begin PBXVariantGroup section */
		AB7E2C7C22DE33B400D749B0 /* Main.storyboard */ = {
			isa = PBXVariantGroup;
			children = (
				AB7E2C7D22DE33B400D749B0 /* Base */,
			);
			name = Main.storyboard;
			sourceTree = "<group>";
		};
		AB7E2C8122DE33B600D749B0 /* LaunchScreen.storyboard */ = {
			isa = PBXVariantGroup;
			children = (
				AB7E2C8222DE33B600D749B0 /* Base */,
			);
			name = LaunchScreen.storyboard;
			sourceTree = "<group>";
		};
/* End PBXVariantGroup section */

/* Begin XCBuildConfiguration section */
		AB7E2C9B22DE33B600D749B0 /* Debug */ = {
			isa = XCBuildConfiguration;
			buildSettings = {
				ALWAYS_SEARCH_USER_PATHS = NO;
				CLANG_ANALYZER_NONNULL = YES;
				CLANG_ANALYZER_NUMBER_OBJECT_CONVERSION = YES_AGGRESSIVE;
				CLANG_CXX_LANGUAGE_STANDARD = "gnu++14";
				CLANG_CXX_LIBRARY = "libc++";
				CLANG_ENABLE_MODULES = YES;
				CLANG_ENABLE_OBJC_ARC = YES;
				CLANG_ENABLE_OBJC_WEAK = YES;
				CLANG_WARN_BLOCK_CAPTURE_AUTORELEASING = YES;
				CLANG_WARN_BOOL_CONVERSION = YES;
				CLANG_WARN_COMMA = YES;
				CLANG_WARN_CONSTANT_CONVERSION = YES;
				CLANG_WARN_DEPRECATED_OBJC_IMPLEMENTATIONS = YES;
				CLANG_WARN_DIRECT_OBJC_ISA_USAGE = YES_ERROR;
				CLANG_WARN_DOCUMENTATION_COMMENTS = YES;
				CLANG_WARN_EMPTY_BODY = YES;
				CLANG_WARN_ENUM_CONVERSION = YES;
				CLANG_WARN_INFINITE_RECURSION = YES;
				CLANG_WARN_INT_CONVERSION = YES;
				CLANG_WARN_NON_LITERAL_NULL_CONVERSION = YES;
				CLANG_WARN_OBJC_IMPLICIT_RETAIN_SELF = YES;
				CLANG_WARN_OBJC_LITERAL_CONVERSION = YES;
				CLANG_WARN_OBJC_ROOT_CLASS = YES_ERROR;
				CLANG_WARN_RANGE_LOOP_ANALYSIS = YES;
				CLANG_WARN_STRICT_PROTOTYPES = YES;
				CLANG_WARN_SUSPICIOUS_MOVE = YES;
				CLANG_WARN_UNGUARDED_AVAILABILITY = YES_AGGRESSIVE;
				CLANG_WARN_UNREACHABLE_CODE = YES;
				CLANG_WARN__DUPLICATE_METHOD_MATCH = YES;
				CODE_SIGN_IDENTITY = "iPhone Developer";
				COPY_PHASE_STRIP = NO;
				DEBUG_INFORMATION_FORMAT = dwarf;
				ENABLE_STRICT_OBJC_MSGSEND = YES;
				ENABLE_TESTABILITY = YES;
				GCC_C_LANGUAGE_STANDARD = gnu11;
				GCC_DYNAMIC_NO_PIC = NO;
				GCC_NO_COMMON_BLOCKS = YES;
				GCC_OPTIMIZATION_LEVEL = 0;
				GCC_PREPROCESSOR_DEFINITIONS = (
					"DEBUG=1",
					"$(inherited)",
				);
				GCC_WARN_64_TO_32_BIT_CONVERSION = YES;
				GCC_WARN_ABOUT_RETURN_TYPE = YES_ERROR;
				GCC_WARN_UNDECLARED_SELECTOR = YES;
				GCC_WARN_UNINITIALIZED_AUTOS = YES_AGGRESSIVE;
				GCC_WARN_UNUSED_FUNCTION = YES;
				GCC_WARN_UNUSED_VARIABLE = YES;
				IPHONEOS_DEPLOYMENT_TARGET = 12.2;
				MTL_ENABLE_DEBUG_INFO = INCLUDE_SOURCE;
				MTL_FAST_MATH = YES;
				ONLY_ACTIVE_ARCH = YES;
				SDKROOT = iphoneos;
				SWIFT_ACTIVE_COMPILATION_CONDITIONS = DEBUG;
				SWIFT_OPTIMIZATION_LEVEL = "-Onone";
			};
			name = Debug;
		};
		AB7E2C9C22DE33B600D749B0 /* Release */ = {
			isa = XCBuildConfiguration;
			buildSettings = {
				ALWAYS_SEARCH_USER_PATHS = NO;
				CLANG_ANALYZER_NONNULL = YES;
				CLANG_ANALYZER_NUMBER_OBJECT_CONVERSION = YES_AGGRESSIVE;
				CLANG_CXX_LANGUAGE_STANDARD = "gnu++14";
				CLANG_CXX_LIBRARY = "libc++";
				CLANG_ENABLE_MODULES = YES;
				CLANG_ENABLE_OBJC_ARC = YES;
				CLANG_ENABLE_OBJC_WEAK = YES;
				CLANG_WARN_BLOCK_CAPTURE_AUTORELEASING = YES;
				CLANG_WARN_BOOL_CONVERSION = YES;
				CLANG_WARN_COMMA = YES;
				CLANG_WARN_CONSTANT_CONVERSION = YES;
				CLANG_WARN_DEPRECATED_OBJC_IMPLEMENTATIONS = YES;
				CLANG_WARN_DIRECT_OBJC_ISA_USAGE = YES_ERROR;
				CLANG_WARN_DOCUMENTATION_COMMENTS = YES;
				CLANG_WARN_EMPTY_BODY = YES;
				CLANG_WARN_ENUM_CONVERSION = YES;
				CLANG_WARN_INFINITE_RECURSION = YES;
				CLANG_WARN_INT_CONVERSION = YES;
				CLANG_WARN_NON_LITERAL_NULL_CONVERSION = YES;
				CLANG_WARN_OBJC_IMPLICIT_RETAIN_SELF = YES;
				CLANG_WARN_OBJC_LITERAL_CONVERSION = YES;
				CLANG_WARN_OBJC_ROOT_CLASS = YES_ERROR;
				CLANG_WARN_RANGE_LOOP_ANALYSIS = YES;
				CLANG_WARN_STRICT_PROTOTYPES = YES;
				CLANG_WARN_SUSPICIOUS_MOVE = YES;
				CLANG_WARN_UNGUARDED_AVAILABILITY = YES_AGGRESSIVE;
				CLANG_WARN_UNREACHABLE_CODE = YES;
				CLANG_WARN__DUPLICATE_METHOD_MATCH = YES;
				CODE_SIGN_IDENTITY = "iPhone Developer";
				COPY_PHASE_STRIP = NO;
				DEBUG_INFORMATION_FORMAT = "dwarf-with-dsym";
				ENABLE_NS_ASSERTIONS = NO;
				ENABLE_STRICT_OBJC_MSGSEND = YES;
				GCC_C_LANGUAGE_STANDARD = gnu11;
				GCC_NO_COMMON_BLOCKS = YES;
				GCC_WARN_64_TO_32_BIT_CONVERSION = YES;
				GCC_WARN_ABOUT_RETURN_TYPE = YES_ERROR;
				GCC_WARN_UNDECLARED_SELECTOR = YES;
				GCC_WARN_UNINITIALIZED_AUTOS = YES_AGGRESSIVE;
				GCC_WARN_UNUSED_FUNCTION = YES;
				GCC_WARN_UNUSED_VARIABLE = YES;
				IPHONEOS_DEPLOYMENT_TARGET = 12.2;
				MTL_ENABLE_DEBUG_INFO = NO;
				MTL_FAST_MATH = YES;
				SDKROOT = iphoneos;
				SWIFT_COMPILATION_MODE = wholemodule;
				SWIFT_OPTIMIZATION_LEVEL = "-O";
				VALIDATE_PRODUCT = YES;
			};
			name = Release;
		};
		AB7E2C9E22DE33B600D749B0 /* Debug */ = {
			isa = XCBuildConfiguration;
			baseConfigurationReference = D976F65413AC9869B0A63414 /* Pods-Climation.debug.xcconfig */;
			buildSettings = {
				ASSETCATALOG_COMPILER_APPICON_NAME = AppIcon;
				CODE_SIGN_STYLE = Automatic;
				DEVELOPMENT_TEAM = RUS5Y57VG8;
				INFOPLIST_FILE = Climation/Info.plist;
				IPHONEOS_DEPLOYMENT_TARGET = 11.0;
				LD_RUNPATH_SEARCH_PATHS = (
					"$(inherited)",
					"@executable_path/Frameworks",
				);
				PRODUCT_BUNDLE_IDENTIFIER = com.JonathanKopp.Climation;
				PRODUCT_NAME = "$(TARGET_NAME)";
				SWIFT_VERSION = 5.0;
				TARGETED_DEVICE_FAMILY = "1,2";
			};
			name = Debug;
		};
		AB7E2C9F22DE33B600D749B0 /* Release */ = {
			isa = XCBuildConfiguration;
			baseConfigurationReference = 98B3E2B90456ABC37C977CE4 /* Pods-Climation.release.xcconfig */;
			buildSettings = {
				ASSETCATALOG_COMPILER_APPICON_NAME = AppIcon;
				CODE_SIGN_STYLE = Automatic;
				DEVELOPMENT_TEAM = RUS5Y57VG8;
				INFOPLIST_FILE = Climation/Info.plist;
				IPHONEOS_DEPLOYMENT_TARGET = 11.0;
				LD_RUNPATH_SEARCH_PATHS = (
					"$(inherited)",
					"@executable_path/Frameworks",
				);
				PRODUCT_BUNDLE_IDENTIFIER = com.JonathanKopp.Climation;
				PRODUCT_NAME = "$(TARGET_NAME)";
				SWIFT_VERSION = 5.0;
				TARGETED_DEVICE_FAMILY = "1,2";
			};
			name = Release;
		};
		AB7E2CA122DE33B600D749B0 /* Debug */ = {
			isa = XCBuildConfiguration;
			baseConfigurationReference = 0C239CA1F3FDAFD01ED42F85 /* Pods-ClimationTests.debug.xcconfig */;
			buildSettings = {
				ALWAYS_EMBED_SWIFT_STANDARD_LIBRARIES = YES;
				BUNDLE_LOADER = "$(TEST_HOST)";
				CODE_SIGN_STYLE = Automatic;
				DEVELOPMENT_TEAM = RUS5Y57VG8;
				INFOPLIST_FILE = ClimationTests/Info.plist;
				LD_RUNPATH_SEARCH_PATHS = (
					"$(inherited)",
					"@executable_path/Frameworks",
					"@loader_path/Frameworks",
				);
				PRODUCT_BUNDLE_IDENTIFIER = com.JonathanKopp.ClimationTests;
				PRODUCT_NAME = "$(TARGET_NAME)";
				SWIFT_VERSION = 5.0;
				TARGETED_DEVICE_FAMILY = "1,2";
				TEST_HOST = "$(BUILT_PRODUCTS_DIR)/Climation.app/Climation";
			};
			name = Debug;
		};
		AB7E2CA222DE33B600D749B0 /* Release */ = {
			isa = XCBuildConfiguration;
			baseConfigurationReference = 962EFE663D817D942242960C /* Pods-ClimationTests.release.xcconfig */;
			buildSettings = {
				ALWAYS_EMBED_SWIFT_STANDARD_LIBRARIES = YES;
				BUNDLE_LOADER = "$(TEST_HOST)";
				CODE_SIGN_STYLE = Automatic;
				DEVELOPMENT_TEAM = RUS5Y57VG8;
				INFOPLIST_FILE = ClimationTests/Info.plist;
				LD_RUNPATH_SEARCH_PATHS = (
					"$(inherited)",
					"@executable_path/Frameworks",
					"@loader_path/Frameworks",
				);
				PRODUCT_BUNDLE_IDENTIFIER = com.JonathanKopp.ClimationTests;
				PRODUCT_NAME = "$(TARGET_NAME)";
				SWIFT_VERSION = 5.0;
				TARGETED_DEVICE_FAMILY = "1,2";
				TEST_HOST = "$(BUILT_PRODUCTS_DIR)/Climation.app/Climation";
			};
			name = Release;
		};
		AB7E2CA422DE33B600D749B0 /* Debug */ = {
			isa = XCBuildConfiguration;
			baseConfigurationReference = 5FA76365314F4B3BEA97E4E5 /* Pods-ClimationUITests.debug.xcconfig */;
			buildSettings = {
				ALWAYS_EMBED_SWIFT_STANDARD_LIBRARIES = YES;
				CODE_SIGN_STYLE = Automatic;
				DEVELOPMENT_TEAM = RUS5Y57VG8;
				INFOPLIST_FILE = ClimationUITests/Info.plist;
				LD_RUNPATH_SEARCH_PATHS = (
					"$(inherited)",
					"@executable_path/Frameworks",
					"@loader_path/Frameworks",
				);
				PRODUCT_BUNDLE_IDENTIFIER = com.JonathanKopp.ClimationUITests;
				PRODUCT_NAME = "$(TARGET_NAME)";
				SWIFT_VERSION = 5.0;
				TARGETED_DEVICE_FAMILY = "1,2";
				TEST_TARGET_NAME = Climation;
			};
			name = Debug;
		};
		AB7E2CA522DE33B600D749B0 /* Release */ = {
			isa = XCBuildConfiguration;
			baseConfigurationReference = AA2E7078525C1943B9F1C554 /* Pods-ClimationUITests.release.xcconfig */;
			buildSettings = {
				ALWAYS_EMBED_SWIFT_STANDARD_LIBRARIES = YES;
				CODE_SIGN_STYLE = Automatic;
				DEVELOPMENT_TEAM = RUS5Y57VG8;
				INFOPLIST_FILE = ClimationUITests/Info.plist;
				LD_RUNPATH_SEARCH_PATHS = (
					"$(inherited)",
					"@executable_path/Frameworks",
					"@loader_path/Frameworks",
				);
				PRODUCT_BUNDLE_IDENTIFIER = com.JonathanKopp.ClimationUITests;
				PRODUCT_NAME = "$(TARGET_NAME)";
				SWIFT_VERSION = 5.0;
				TARGETED_DEVICE_FAMILY = "1,2";
				TEST_TARGET_NAME = Climation;
			};
			name = Release;
		};
/* End XCBuildConfiguration section */

/* Begin XCConfigurationList section */
		AB7E2C7022DE33B400D749B0 /* Build configuration list for PBXProject "Climation" */ = {
			isa = XCConfigurationList;
			buildConfigurations = (
				AB7E2C9B22DE33B600D749B0 /* Debug */,
				AB7E2C9C22DE33B600D749B0 /* Release */,
			);
			defaultConfigurationIsVisible = 0;
			defaultConfigurationName = Release;
		};
		AB7E2C9D22DE33B600D749B0 /* Build configuration list for PBXNativeTarget "Climation" */ = {
			isa = XCConfigurationList;
			buildConfigurations = (
				AB7E2C9E22DE33B600D749B0 /* Debug */,
				AB7E2C9F22DE33B600D749B0 /* Release */,
			);
			defaultConfigurationIsVisible = 0;
			defaultConfigurationName = Release;
		};
		AB7E2CA022DE33B600D749B0 /* Build configuration list for PBXNativeTarget "ClimationTests" */ = {
			isa = XCConfigurationList;
			buildConfigurations = (
				AB7E2CA122DE33B600D749B0 /* Debug */,
				AB7E2CA222DE33B600D749B0 /* Release */,
			);
			defaultConfigurationIsVisible = 0;
			defaultConfigurationName = Release;
		};
		AB7E2CA322DE33B600D749B0 /* Build configuration list for PBXNativeTarget "ClimationUITests" */ = {
			isa = XCConfigurationList;
			buildConfigurations = (
				AB7E2CA422DE33B600D749B0 /* Debug */,
				AB7E2CA522DE33B600D749B0 /* Release */,
			);
			defaultConfigurationIsVisible = 0;
			defaultConfigurationName = Release;
		};
/* End XCConfigurationList section */
	};
	rootObject = AB7E2C6D22DE33B400D749B0 /* Project object */;
}
